
Microsoft Visual Studio Solution File, Format Version 12.00
# Visual Studio Version 17
VisualStudioVersion = 17.2.32630.192
MinimumVisualStudioVersion = 10.0.40219.1
Project("{8BC9CEB8-8B4A-11D0-8D11-00A0C91BC942}") = "Project6", "Project6\Project6.vcxproj", "{04EFF6B0-D76F-4F01-8CA1-B049D108687C}"
EndProject
Global
	GlobalSection(SolutionConfigurationPlatforms) = preSolution
		Debug|x64 = Debug|x64
		Debug|x86 = Debug|x86
		Release|x64 = Release|x64
		Release|x86 = Release|x86
	EndGlobalSection
	GlobalSection(ProjectConfigurationPlatforms) = postSolution
		{04EFF6B0-D76F-4F01-8CA1-B049D108687C}.Debug|x64.ActiveCfg = Debug|x64
		{04EFF6B0-D76F-4F01-8CA1-B049D108687C}.Debug|x64.Build.0 = Debug|x64
		{04EFF6B0-D76F-4F01-8CA1-B049D108687C}.Debug|x86.ActiveCfg = Debug|Win32
		{04EFF6B0-D76F-4F01-8CA1-B049D108687C}.Debug|x86.Build.0 = Debug|Win32
		{04EFF6B0-D76F-4F01-8CA1-B049D108687C}.Release|x64.ActiveCfg = Release|x64
		{04EFF6B0-D76F-4F01-8CA1-B049D108687C}.Release|x64.Build.0 = Release|x64
		{04EFF6B0-D76F-4F01-8CA1-B049D108687C}.Release|x86.ActiveCfg = Release|Win32
		{04EFF6B0-D76F-4F01-8CA1-B049D108687C}.Release|x86.Build.0 = Release|Win32
	EndGlobalSection
	GlobalSection(SolutionProperties) = preSolution
		HideSolutionNode = FALSE
	EndGlobalSection
	GlobalSection(ExtensibilityGlobals) = postSolution
		SolutionGuid = {091D1E14-9A80-43D4-8377-515964B296FE}
	EndGlobalSection
EndGlobal
